{
    "_meta": {
        "hash": {
            "sha256": "60910f11959539b070993e59e4715119b2e4213c08d4d195c30d074b8d7e7bb6"
        },
        "pipfile-spec": 6,
        "requires": {
            "python_version": "3.7"
        },
        "sources": [
            {
                "name": "pypi",
                "url": "https://pypi.org/simple",
                "verify_ssl": true
            }
        ]
    },
    "default": {},
    "develop": {
        "ftw-deploy": {
            "editable": true,
            "path": "."
        }
    }
}
